{
  "name": "imagemosaick",
  "version": "1.0.0",
  "lockfileVersion": 1,
  "requires": true,
  "dependencies": {
    "imagemagick": {
      "version": "0.1.3",
      "resolved": "https://registry.npmjs.org/imagemagick/-/imagemagick-0.1.3.tgz",
      "integrity": "sha1-dIPOoJO02fLi85aFetyIIbU3xWo="
    },
    "rgb-to-hsl": {
      "version": "0.0.3",
      "resolved": "https://registry.npmjs.org/rgb-to-hsl/-/rgb-to-hsl-0.0.3.tgz",
      "integrity": "sha1-Gs7tnQr6Nt8a6G2cLGnuiZA2yBE="
    },
    "use-strict": {
      "version": "1.0.1",
      "resolved": "https://registry.npmjs.org/use-strict/-/use-strict-1.0.1.tgz",
      "integrity": "sha1-C7gNlPSaSgUZK4Sox9NOlfGn46A="
    },
    "uuid": {
      "version": "3.1.0",
      "resolved": "https://registry.npmjs.org/uuid/-/uuid-3.1.0.tgz",
      "integrity": "sha512-DIWtzUkw04M4k3bf1IcpS2tngXEL26YUD2M0tMDUpnUrz2hgzUBlD55a4FjdLGPvfHxS6uluGWvaVEqgBcVa+g=="
    }
  }
}
